{
  "name": "andy-socket",
  "version": "1.0.4",
  "lockfileVersion": 1,
  "requires": true,
  "dependencies": {
    "typescript": {
      "version": "4.1.2",
      "resolved": "https://registry.npm.taobao.org/typescript/download/typescript-4.1.2.tgz?cache=0&sync_timestamp=1606203829855&other_urls=https%3A%2F%2Fregistry.npm.taobao.org%2Ftypescript%2Fdownload%2Ftypescript-4.1.2.tgz",
      "integrity": "sha512-thGloWsGH3SOxv1SoY7QojKi0tc+8FnOmiarEGMbd/lar7QOEd3hvlx3Fp5y6FlDUGl9L+pd4n2e+oToGMmhRQ==",
      "dev": true
    }
  }
}
